// !$*UTF8*$!
{
	archiveVersion = 1;
	classes = {
	};
	objectVersion = 50;
	objects = {

/* Begin PBXBuildFile section */
		0377244623CA32160037449C /* DictionaryWordPlay.swift in Sources */ = {isa = PBXBuildFile; fileRef = 0377244523CA32160037449C /* DictionaryWordPlay.swift */; };
		039CD51823CA984E00508544 /* GamePredicateFilter.swift in Sources */ = {isa = PBXBuildFile; fileRef = 039CD51723CA984E00508544 /* GamePredicateFilter.swift */; };
		03AA6D9823BD44960087C9A8 /* DictionaryInputForm.swift in Sources */ = {isa = PBXBuildFile; fileRef = 03AA6D9723BD44960087C9A8 /* DictionaryInputForm.swift */; };
		03AA6D9A23C00C500087C9A8 /* ListDictionary.swift in Sources */ = {isa = PBXBuildFile; fileRef = 03AA6D9923C00C500087C9A8 /* ListDictionary.swift */; };
		03AA6D9C23C0FC9D0087C9A8 /* EditDeleteDictionary.swift in Sources */ = {isa = PBXBuildFile; fileRef = 03AA6D9B23C0FC9D0087C9A8 /* EditDeleteDictionary.swift */; };
		03AA6D9E23C3DAE90087C9A8 /* SearchDictionary.swift in Sources */ = {isa = PBXBuildFile; fileRef = 03AA6D9D23C3DAE90087C9A8 /* SearchDictionary.swift */; };
		03AA6DA423C725550087C9A8 /* FilteredDictionaryList.swift in Sources */ = {isa = PBXBuildFile; fileRef = 03AA6DA323C725550087C9A8 /* FilteredDictionaryList.swift */; };
		03ECEBB223BC0DEB00E716E8 /* AppDelegate.swift in Sources */ = {isa = PBXBuildFile; fileRef = 03ECEBB123BC0DEB00E716E8 /* AppDelegate.swift */; };
		03ECEBB423BC0DEB00E716E8 /* SceneDelegate.swift in Sources */ = {isa = PBXBuildFile; fileRef = 03ECEBB323BC0DEB00E716E8 /* SceneDelegate.swift */; };
		03ECEBB723BC0DEB00E716E8 /* UrhoboTranslate.xcdatamodeld in Sources */ = {isa = PBXBuildFile; fileRef = 03ECEBB523BC0DEB00E716E8 /* UrhoboTranslate.xcdatamodeld */; };
		03ECEBB923BC0DEB00E716E8 /* ContentView.swift in Sources */ = {isa = PBXBuildFile; fileRef = 03ECEBB823BC0DEB00E716E8 /* ContentView.swift */; };
		03ECEBBB23BC0DED00E716E8 /* Assets.xcassets in Resources */ = {isa = PBXBuildFile; fileRef = 03ECEBBA23BC0DED00E716E8 /* Assets.xcassets */; };
		03ECEBBE23BC0DED00E716E8 /* Preview Assets.xcassets in Resources */ = {isa = PBXBuildFile; fileRef = 03ECEBBD23BC0DED00E716E8 /* Preview Assets.xcassets */; };
		03ECEBC123BC0DED00E716E8 /* LaunchScreen.storyboard in Resources */ = {isa = PBXBuildFile; fileRef = 03ECEBBF23BC0DED00E716E8 /* LaunchScreen.storyboard */; };
		03ECEBC923BC0EB000E716E8 /* Dictionary.swift in Sources */ = {isa = PBXBuildFile; fileRef = 03ECEBC823BC0EB000E716E8 /* Dictionary.swift */; };
		03ECEBCB23BC0EFE00E716E8 /* Menu.swift in Sources */ = {isa = PBXBuildFile; fileRef = 03ECEBCA23BC0EFE00E716E8 /* Menu.swift */; };
/* End PBXBuildFile section */

/* Begin PBXFileReference section */
		0377244523CA32160037449C /* DictionaryWordPlay.swift */ = {isa = PBXFileReference; lastKnownFileType = sourcecode.swift; path = DictionaryWordPlay.swift; sourceTree = "<group>"; };
		039CD51723CA984E00508544 /* GamePredicateFilter.swift */ = {isa = PBXFileReference; lastKnownFileType = sourcecode.swift; path = GamePredicateFilter.swift; sourceTree = "<group>"; };
		03AA6D9723BD44960087C9A8 /* DictionaryInputForm.swift */ = {isa = PBXFileReference; lastKnownFileType = sourcecode.swift; path = DictionaryInputForm.swift; sourceTree = "<group>"; };
		03AA6D9923C00C500087C9A8 /* ListDictionary.swift */ = {isa = PBXFileReference; lastKnownFileType = sourcecode.swift; path = ListDictionary.swift; sourceTree = "<group>"; };
		03AA6D9B23C0FC9D0087C9A8 /* EditDeleteDictionary.swift */ = {isa = PBXFileReference; lastKnownFileType = sourcecode.swift; path = EditDeleteDictionary.swift; sourceTree = "<group>"; };
		03AA6D9D23C3DAE90087C9A8 /* SearchDictionary.swift */ = {isa = PBXFileReference; lastKnownFileType = sourcecode.swift; path = SearchDictionary.swift; sourceTree = "<group>"; };
		03AA6DA323C725550087C9A8 /* FilteredDictionaryList.swift */ = {isa = PBXFileReference; lastKnownFileType = sourcecode.swift; path = FilteredDictionaryList.swift; sourceTree = "<group>"; };
		03ECEBAE23BC0DEB00E716E8 /* UrhoboTranslate.app */ = {isa = PBXFileReference; explicitFileType = wrapper.application; includeInIndex = 0; path = UrhoboTranslate.app; sourceTree = BUILT_PRODUCTS_DIR; };
		03ECEBB123BC0DEB00E716E8 /* AppDelegate.swift */ = {isa = PBXFileReference; lastKnownFileType = sourcecode.swift; path = AppDelegate.swift; sourceTree = "<group>"; };
		03ECEBB323BC0DEB00E716E8 /* SceneDelegate.swift */ = {isa = PBXFileReference; lastKnownFileType = sourcecode.swift; path = SceneDelegate.swift; sourceTree = "<group>"; };
		03ECEBB623BC0DEB00E716E8 /* UrhoboTranslate.xcdatamodel */ = {isa = PBXFileReference; lastKnownFileType = wrapper.xcdatamodel; path = UrhoboTranslate.xcdatamodel; sourceTree = "<group>"; };
		03ECEBB823BC0DEB00E716E8 /* ContentView.swift */ = {isa = PBXFileReference; lastKnownFileType = sourcecode.swift; path = ContentView.swift; sourceTree = "<group>"; };
		03ECEBBA23BC0DED00E716E8 /* Assets.xcassets */ = {isa = PBXFileReference; lastKnownFileType = folder.assetcatalog; path = Assets.xcassets; sourceTree = "<group>"; };
		03ECEBBD23BC0DED00E716E8 /* Preview Assets.xcassets */ = {isa = PBXFileReference; lastKnownFileType = folder.assetcatalog; path = "Preview Assets.xcassets"; sourceTree = "<group>"; };
		03ECEBC023BC0DED00E716E8 /* Base */ = {isa = PBXFileReference; lastKnownFileType = file.storyboard; name = Base; path = Base.lproj/LaunchScreen.storyboard; sourceTree = "<group>"; };
		03ECEBC223BC0DED00E716E8 /* Info.plist */ = {isa = PBXFileReference; lastKnownFileType = text.plist.xml; path = Info.plist; sourceTree = "<group>"; };
		03ECEBC823BC0EB000E716E8 /* Dictionary.swift */ = {isa = PBXFileReference; lastKnownFileType = sourcecode.swift; path = Dictionary.swift; sourceTree = "<group>"; };
		03ECEBCA23BC0EFE00E716E8 /* Menu.swift */ = {isa = PBXFileReference; lastKnownFileType = sourcecode.swift; path = Menu.swift; sourceTree = "<group>"; };
/* End PBXFileReference section */

/* Begin PBXFrameworksBuildPhase section */
		03ECEBAB23BC0DEB00E716E8 /* Frameworks */ = {
			isa = PBXFrameworksBuildPhase;
			buildActionMask = 2147483647;
			files = (
			);
			runOnlyForDeploymentPostprocessing = 0;
		};
/* End PBXFrameworksBuildPhase section */

/* Begin PBXGroup section */
		03ECEBA523BC0DEB00E716E8 = {
			isa = PBXGroup;
			children = (
				03ECEBB023BC0DEB00E716E8 /* UrhoboTranslate */,
				03ECEBAF23BC0DEB00E716E8 /* Products */,
			);
			sourceTree = "<group>";
		};
		03ECEBAF23BC0DEB00E716E8 /* Products */ = {
			isa = PBXGroup;
			children = (
				03ECEBAE23BC0DEB00E716E8 /* UrhoboTranslate.app */,
			);
			name = Products;
			sourceTree = "<group>";
		};
		03ECEBB023BC0DEB00E716E8 /* UrhoboTranslate */ = {
			isa = PBXGroup;
			children = (
				0377244523CA32160037449C /* DictionaryWordPlay.swift */,
				039CD51723CA984E00508544 /* GamePredicateFilter.swift */,
				03ECEBC823BC0EB000E716E8 /* Dictionary.swift */,
				03AA6DA323C725550087C9A8 /* FilteredDictionaryList.swift */,
				03AA6D9923C00C500087C9A8 /* ListDictionary.swift */,
				03AA6D9D23C3DAE90087C9A8 /* SearchDictionary.swift */,
				03AA6D9B23C0FC9D0087C9A8 /* EditDeleteDictionary.swift */,
				03AA6D9723BD44960087C9A8 /* DictionaryInputForm.swift */,
				03ECEBCA23BC0EFE00E716E8 /* Menu.swift */,
				03ECEBB123BC0DEB00E716E8 /* AppDelegate.swift */,
				03ECEBB323BC0DEB00E716E8 /* SceneDelegate.swift */,
				03ECEBB823BC0DEB00E716E8 /* ContentView.swift */,
				03ECEBBA23BC0DED00E716E8 /* Assets.xcassets */,
				03ECEBBF23BC0DED00E716E8 /* LaunchScreen.storyboard */,
				03ECEBC223BC0DED00E716E8 /* Info.plist */,
				03ECEBB523BC0DEB00E716E8 /* UrhoboTranslate.xcdatamodeld */,
				03ECEBBC23BC0DED00E716E8 /* Preview Content */,
			);
			path = UrhoboTranslate;
			sourceTree = "<group>";
		};
		03ECEBBC23BC0DED00E716E8 /* Preview Content */ = {
			isa = PBXGroup;
			children = (
				03ECEBBD23BC0DED00E716E8 /* Preview Assets.xcassets */,
			);
			path = "Preview Content";
			sourceTree = "<group>";
		};
/* End PBXGroup section */

/* Begin PBXNativeTarget section */
		03ECEBAD23BC0DEB00E716E8 /* UrhoboTranslate */ = {
			isa = PBXNativeTarget;
			buildConfigurationList = 03ECEBC523BC0DED00E716E8 /* Build configuration list for PBXNativeTarget "UrhoboTranslate" */;
			buildPhases = (
				03ECEBAA23BC0DEB00E716E8 /* Sources */,
				03ECEBAB23BC0DEB00E716E8 /* Frameworks */,
				03ECEBAC23BC0DEB00E716E8 /* Resources */,
			);
			buildRules = (
			);
			dependencies = (
			);
			name = UrhoboTranslate;
			productName = UrhoboTranslate;
			productReference = 03ECEBAE23BC0DEB00E716E8 /* UrhoboTranslate.app */;
			productType = "com.apple.product-type.application";
		};
/* End PBXNativeTarget section */

/* Begin PBXProject section */
		03ECEBA623BC0DEB00E716E8 /* Project object */ = {
			isa = PBXProject;
			attributes = {
				LastSwiftUpdateCheck = 1130;
				LastUpgradeCheck = 1130;
				ORGANIZATIONNAME = "Ufuoma Okoro";
				TargetAttributes = {
					03ECEBAD23BC0DEB00E716E8 = {
						CreatedOnToolsVersion = 11.3;
					};
				};
			};
			buildConfigurationList = 03ECEBA923BC0DEB00E716E8 /* Build configuration list for PBXProject "UrhoboTranslate" */;
			compatibilityVersion = "Xcode 9.3";
			developmentRegion = en;
			hasScannedForEncodings = 0;
			knownRegions = (
				en,
				Base,
			);
			mainGroup = 03ECEBA523BC0DEB00E716E8;
			productRefGroup = 03ECEBAF23BC0DEB00E716E8 /* Products */;
			projectDirPath = "";
			projectRoot = "";
			targets = (
				03ECEBAD23BC0DEB00E716E8 /* UrhoboTranslate */,
			);
		};
/* End PBXProject section */

/* Begin PBXResourcesBuildPhase section */
		03ECEBAC23BC0DEB00E716E8 /* Resources */ = {
			isa = PBXResourcesBuildPhase;
			buildActionMask = 2147483647;
			files = (
				03ECEBC123BC0DED00E716E8 /* LaunchScreen.storyboard in Resources */,
				03ECEBBE23BC0DED00E716E8 /* Preview Assets.xcassets in Resources */,
				03ECEBBB23BC0DED00E716E8 /* Assets.xcassets in Resources */,
			);
			runOnlyForDeploymentPostprocessing = 0;
		};
/* End PBXResourcesBuildPhase section */

/* Begin PBXSourcesBuildPhase section */
		03ECEBAA23BC0DEB00E716E8 /* Sources */ = {
			isa = PBXSourcesBuildPhase;
			buildActionMask = 2147483647;
			files = (
				03AA6D9C23C0FC9D0087C9A8 /* EditDeleteDictionary.swift in Sources */,
				03ECEBCB23BC0EFE00E716E8 /* Menu.swift in Sources */,
				03ECEBB723BC0DEB00E716E8 /* UrhoboTranslate.xcdatamodeld in Sources */,
				0377244623CA32160037449C /* DictionaryWordPlay.swift in Sources */,
				03AA6D9A23C00C500087C9A8 /* ListDictionary.swift in Sources */,
				03ECEBC923BC0EB000E716E8 /* Dictionary.swift in Sources */,
				03AA6D9E23C3DAE90087C9A8 /* SearchDictionary.swift in Sources */,
				03AA6D9823BD44960087C9A8 /* DictionaryInputForm.swift in Sources */,
				039CD51823CA984E00508544 /* GamePredicateFilter.swift in Sources */,
				03AA6DA423C725550087C9A8 /* FilteredDictionaryList.swift in Sources */,
				03ECEBB223BC0DEB00E716E8 /* AppDelegate.swift in Sources */,
				03ECEBB923BC0DEB00E716E8 /* ContentView.swift in Sources */,
				03ECEBB423BC0DEB00E716E8 /* SceneDelegate.swift in Sources */,
			);
			runOnlyForDeploymentPostprocessing = 0;
		};
/* End PBXSourcesBuildPhase section */

/* Begin PBXVariantGroup section */
		03ECEBBF23BC0DED00E716E8 /* LaunchScreen.storyboard */ = {
			isa = PBXVariantGroup;
			children = (
				03ECEBC023BC0DED00E716E8 /* Base */,
			);
			name = LaunchScreen.storyboard;
			sourceTree = "<group>";
		};
/* End PBXVariantGroup section */

/* Begin XCBuildConfiguration section */
		03ECEBC323BC0DED00E716E8 /* Debug */ = {
			isa = XCBuildConfiguration;
			buildSettings = {
				ALWAYS_SEARCH_USER_PATHS = NO;
				CLANG_ANALYZER_NONNULL = YES;
				CLANG_ANALYZER_NUMBER_OBJECT_CONVERSION = YES_AGGRESSIVE;
				CLANG_CXX_LANGUAGE_STANDARD = "gnu++14";
				CLANG_CXX_LIBRARY = "libc++";
				CLANG_ENABLE_MODULES = YES;
				CLANG_ENABLE_OBJC_ARC = YES;
				CLANG_ENABLE_OBJC_WEAK = YES;
				CLANG_WARN_BLOCK_CAPTURE_AUTORELEASING = YES;
				CLANG_WARN_BOOL_CONVERSION = YES;
				CLANG_WARN_COMMA = YES;
				CLANG_WARN_CONSTANT_CONVERSION = YES;
				CLANG_WARN_DEPRECATED_OBJC_IMPLEMENTATIONS = YES;
				CLANG_WARN_DIRECT_OBJC_ISA_USAGE = YES_ERROR;
				CLANG_WARN_DOCUMENTATION_COMMENTS = YES;
				CLANG_WARN_EMPTY_BODY = YES;
				CLANG_WARN_ENUM_CONVERSION = YES;
				CLANG_WARN_INFINITE_RECURSION = YES;
				CLANG_WARN_INT_CONVERSION = YES;
				CLANG_WARN_NON_LITERAL_NULL_CONVERSION = YES;
				CLANG_WARN_OBJC_IMPLICIT_RETAIN_SELF = YES;
				CLANG_WARN_OBJC_LITERAL_CONVERSION = YES;
				CLANG_WARN_OBJC_ROOT_CLASS = YES_ERROR;
				CLANG_WARN_RANGE_LOOP_ANALYSIS = YES;
				CLANG_WARN_STRICT_PROTOTYPES = YES;
				CLANG_WARN_SUSPICIOUS_MOVE = YES;
				CLANG_WARN_UNGUARDED_AVAILABILITY = YES_AGGRESSIVE;
				CLANG_WARN_UNREACHABLE_CODE = YES;
				CLANG_WARN__DUPLICATE_METHOD_MATCH = YES;
				COPY_PHASE_STRIP = NO;
				DEBUG_INFORMATION_FORMAT = dwarf;
				ENABLE_STRICT_OBJC_MSGSEND = YES;
				ENABLE_TESTABILITY = YES;
				GCC_C_LANGUAGE_STANDARD = gnu11;
				GCC_DYNAMIC_NO_PIC = NO;
				GCC_NO_COMMON_BLOCKS = YES;
				GCC_OPTIMIZATION_LEVEL = 0;
				GCC_PREPROCESSOR_DEFINITIONS = (
					"DEBUG=1",
					"$(inherited)",
				);
				GCC_WARN_64_TO_32_BIT_CONVERSION = YES;
				GCC_WARN_ABOUT_RETURN_TYPE = YES_ERROR;
				GCC_WARN_UNDECLARED_SELECTOR = YES;
				GCC_WARN_UNINITIALIZED_AUTOS = YES_AGGRESSIVE;
				GCC_WARN_UNUSED_FUNCTION = YES;
				GCC_WARN_UNUSED_VARIABLE = YES;
				IPHONEOS_DEPLOYMENT_TARGET = 13.2;
				MTL_ENABLE_DEBUG_INFO = INCLUDE_SOURCE;
				MTL_FAST_MATH = YES;
				ONLY_ACTIVE_ARCH = YES;
				SDKROOT = iphoneos;
				SWIFT_ACTIVE_COMPILATION_CONDITIONS = DEBUG;
				SWIFT_OPTIMIZATION_LEVEL = "-Onone";
			};
			name = Debug;
		};
		03ECEBC423BC0DED00E716E8 /* Release */ = {
			isa = XCBuildConfiguration;
			buildSettings = {
				ALWAYS_SEARCH_USER_PATHS = NO;
				CLANG_ANALYZER_NONNULL = YES;
				CLANG_ANALYZER_NUMBER_OBJECT_CONVERSION = YES_AGGRESSIVE;
				CLANG_CXX_LANGUAGE_STANDARD = "gnu++14";
				CLANG_CXX_LIBRARY = "libc++";
				CLANG_ENABLE_MODULES = YES;
				CLANG_ENABLE_OBJC_ARC = YES;
				CLANG_ENABLE_OBJC_WEAK = YES;
				CLANG_WARN_BLOCK_CAPTURE_AUTORELEASING = YES;
				CLANG_WARN_BOOL_CONVERSION = YES;
				CLANG_WARN_COMMA = YES;
				CLANG_WARN_CONSTANT_CONVERSION = YES;
				CLANG_WARN_DEPRECATED_OBJC_IMPLEMENTATIONS = YES;
				CLANG_WARN_DIRECT_OBJC_ISA_USAGE = YES_ERROR;
				CLANG_WARN_DOCUMENTATION_COMMENTS = YES;
				CLANG_WARN_EMPTY_BODY = YES;
				CLANG_WARN_ENUM_CONVERSION = YES;
				CLANG_WARN_INFINITE_RECURSION = YES;
				CLANG_WARN_INT_CONVERSION = YES;
				CLANG_WARN_NON_LITERAL_NULL_CONVERSION = YES;
				CLANG_WARN_OBJC_IMPLICIT_RETAIN_SELF = YES;
				CLANG_WARN_OBJC_LITERAL_CONVERSION = YES;
				CLANG_WARN_OBJC_ROOT_CLASS = YES_ERROR;
				CLANG_WARN_RANGE_LOOP_ANALYSIS = YES;
				CLANG_WARN_STRICT_PROTOTYPES = YES;
				CLANG_WARN_SUSPICIOUS_MOVE = YES;
				CLANG_WARN_UNGUARDED_AVAILABILITY = YES_AGGRESSIVE;
				CLANG_WARN_UNREACHABLE_CODE = YES;
				CLANG_WARN__DUPLICATE_METHOD_MATCH = YES;
				COPY_PHASE_STRIP = NO;
				DEBUG_INFORMATION_FORMAT = "dwarf-with-dsym";
				ENABLE_NS_ASSERTIONS = NO;
				ENABLE_STRICT_OBJC_MSGSEND = YES;
				GCC_C_LANGUAGE_STANDARD = gnu11;
				GCC_NO_COMMON_BLOCKS = YES;
				GCC_WARN_64_TO_32_BIT_CONVERSION = YES;
				GCC_WARN_ABOUT_RETURN_TYPE = YES_ERROR;
				GCC_WARN_UNDECLARED_SELECTOR = YES;
				GCC_WARN_UNINITIALIZED_AUTOS = YES_AGGRESSIVE;
				GCC_WARN_UNUSED_FUNCTION = YES;
				GCC_WARN_UNUSED_VARIABLE = YES;
				IPHONEOS_DEPLOYMENT_TARGET = 13.2;
				MTL_ENABLE_DEBUG_INFO = NO;
				MTL_FAST_MATH = YES;
				SDKROOT = iphoneos;
				SWIFT_COMPILATION_MODE = wholemodule;
				SWIFT_OPTIMIZATION_LEVEL = "-O";
				VALIDATE_PRODUCT = YES;
			};
			name = Release;
		};
		03ECEBC623BC0DED00E716E8 /* Debug */ = {
			isa = XCBuildConfiguration;
			buildSettings = {
				ASSETCATALOG_COMPILER_APPICON_NAME = AppIcon;
				CODE_SIGN_STYLE = Automatic;
				DEVELOPMENT_ASSET_PATHS = "\"UrhoboTranslate/Preview Content\"";
				ENABLE_PREVIEWS = YES;
				INFOPLIST_FILE = UrhoboTranslate/Info.plist;
				LD_RUNPATH_SEARCH_PATHS = (
					"$(inherited)",
					"@executable_path/Frameworks",
				);
				PRODUCT_BUNDLE_IDENTIFIER = "ufookoro-me.com.UrhoboTranslate";
				PRODUCT_NAME = "$(TARGET_NAME)";
				SWIFT_VERSION = 5.0;
				TARGETED_DEVICE_FAMILY = "1,2";
			};
			name = Debug;
		};
		03ECEBC723BC0DED00E716E8 /* Release */ = {
			isa = XCBuildConfiguration;
			buildSettings = {
				ASSETCATALOG_COMPILER_APPICON_NAME = AppIcon;
				CODE_SIGN_STYLE = Automatic;
				DEVELOPMENT_ASSET_PATHS = "\"UrhoboTranslate/Preview Content\"";
				ENABLE_PREVIEWS = YES;
				INFOPLIST_FILE = UrhoboTranslate/Info.plist;
				LD_RUNPATH_SEARCH_PATHS = (
					"$(inherited)",
					"@executable_path/Frameworks",
				);
				PRODUCT_BUNDLE_IDENTIFIER = "ufookoro-me.com.UrhoboTranslate";
				PRODUCT_NAME = "$(TARGET_NAME)";
				SWIFT_VERSION = 5.0;
				TARGETED_DEVICE_FAMILY = "1,2";
			};
			name = Release;
		};
/* End XCBuildConfiguration section */

/* Begin XCConfigurationList section */
		03ECEBA923BC0DEB00E716E8 /* Build configuration list for PBXProject "UrhoboTranslate" */ = {
			isa = XCConfigurationList;
			buildConfigurations = (
				03ECEBC323BC0DED00E716E8 /* Debug */,
				03ECEBC423BC0DED00E716E8 /* Release */,
			);
			defaultConfigurationIsVisible = 0;
			defaultConfigurationName = Release;
		};
		03ECEBC523BC0DED00E716E8 /* Build configuration list for PBXNativeTarget "UrhoboTranslate" */ = {
			isa = XCConfigurationList;
			buildConfigurations = (
				03ECEBC623BC0DED00E716E8 /* Debug */,
				03ECEBC723BC0DED00E716E8 /* Release */,
			);
			defaultConfigurationIsVisible = 0;
			defaultConfigurationName = Release;
		};
/* End XCConfigurationList section */

/* Begin XCVersionGroup section */
		03ECEBB523BC0DEB00E716E8 /* UrhoboTranslate.xcdatamodeld */ = {
			isa = XCVersionGroup;
			children = (
				03ECEBB623BC0DEB00E716E8 /* UrhoboTranslate.xcdatamodel */,
			);
			currentVersion = 03ECEBB623BC0DEB00E716E8 /* UrhoboTranslate.xcdatamodel */;
			path = UrhoboTranslate.xcdatamodeld;
			sourceTree = "<group>";
			versionGroupType = wrapper.xcdatamodel;
		};
/* End XCVersionGroup section */
	};
	rootObject = 03ECEBA623BC0DEB00E716E8 /* Project object */;
}
